
Microsoft Visual Studio Solution File, Format Version 12.00
# Visual Studio 14
VisualStudioVersion = 14.0.25123.0
MinimumVisualStudioVersion = 10.0.40219.1
Project("{8BC9CEB8-8B4A-11D0-8D11-00A0C91BC942}") = "far_fixer", "far_fixer.vcxproj", "{E5329CC2-9260-4A9D-B86A-2C66241933B3}"
EndProject
Global
	GlobalSection(SolutionConfigurationPlatforms) = preSolution
		Debug|x64 = Debug|x64
		Debug|x86 = Debug|x86
		Release|x64 = Release|x64
		Release|x86 = Release|x86
	EndGlobalSection
	GlobalSection(ProjectConfigurationPlatforms) = postSolution
		{E5329CC2-9260-4A9D-B86A-2C66241933B3}.Debug|x64.ActiveCfg = Debug|x64
		{E5329CC2-9260-4A9D-B86A-2C66241933B3}.Debug|x64.Build.0 = Debug|x64
		{E5329CC2-9260-4A9D-B86A-2C66241933B3}.Debug|x86.ActiveCfg = Debug|Win32
		{E5329CC2-9260-4A9D-B86A-2C66241933B3}.Debug|x86.Build.0 = Debug|Win32
		{E5329CC2-9260-4A9D-B86A-2C66241933B3}.Release|x64.ActiveCfg = Release|x64
		{E5329CC2-9260-4A9D-B86A-2C66241933B3}.Release|x64.Build.0 = Release|x64
		{E5329CC2-9260-4A9D-B86A-2C66241933B3}.Release|x86.ActiveCfg = Release|Win32
		{E5329CC2-9260-4A9D-B86A-2C66241933B3}.Release|x86.Build.0 = Release|Win32
	EndGlobalSection
	GlobalSection(SolutionProperties) = preSolution
		HideSolutionNode = FALSE
	EndGlobalSection
EndGlobal
